
Microsoft Visual Studio Solution File, Format Version 12.00
# Visual Studio Version 16
VisualStudioVersion = 16.0.30907.101
MinimumVisualStudioVersion = 10.0.40219.1
Project("{FAE04EC0-301F-11D3-BF4B-00C04F79EFBC}") = "Personal", "Personal\Personal.csproj", "{703A4D7E-3CA0-4D08-9431-C91E288D692B}"
EndProject
Global
	GlobalSection(SolutionConfigurationPlatforms) = preSolution
		Debug|Any CPU = Debug|Any CPU
		Release|Any CPU = Release|Any CPU
	EndGlobalSection
	GlobalSection(ProjectConfigurationPlatforms) = postSolution
		{703A4D7E-3CA0-4D08-9431-C91E288D692B}.Debug|Any CPU.ActiveCfg = Debug|Any CPU
		{703A4D7E-3CA0-4D08-9431-C91E288D692B}.Debug|Any CPU.Build.0 = Debug|Any CPU
		{703A4D7E-3CA0-4D08-9431-C91E288D692B}.Release|Any CPU.ActiveCfg = Release|Any CPU
		{703A4D7E-3CA0-4D08-9431-C91E288D692B}.Release|Any CPU.Build.0 = Release|Any CPU
	EndGlobalSection
	GlobalSection(SolutionProperties) = preSolution
		HideSolutionNode = FALSE
	EndGlobalSection
	GlobalSection(ExtensibilityGlobals) = postSolution
		SolutionGuid = {17894FD3-8F2A-4868-9E47-A99624E0C204}
	EndGlobalSection
EndGlobal
